{
  "name": "trickle",
  "version": "0.1.0",
  "lockfileVersion": 3,
  "requires": true,
  "packages": {
    "": {
      "name": "trickle",
      "version": "0.1.0",
      "license": "MIT",
      "dependencies": {
        "trickle-sdk": "^0.1.0"
      }
    },
    "node_modules/trickle-sdk": {
      "version": "0.1.0",
      "resolved": "https://registry.npmjs.org/trickle-sdk/-/trickle-sdk-0.1.0.tgz",
      "integrity": "sha512-qvNvjZfHNFpywsP1mAEFGmC4mKfFxpIrZVxB7aI12AiIOF5m68YXMM5DAbD+i8TcvA3Jft45/DbKvpfvTOlTcQ==",
      "license": "MIT"
    }
  }
}
